{
  "name": "MySPH",
  "lockfileVersion": 2,
  "requires": true,
  "packages": {
    "": {
      "dependencies": {
        "vue-router": "^3.5.4"
      }
    },
    "node_modules/vue-router": {
      "version": "3.5.4",
      "resolved": "https://registry.npmmirror.com/vue-router/-/vue-router-3.5.4.tgz",
      "integrity": "sha512-x+/DLAJZv2mcQ7glH2oV9ze8uPwcI+H+GgTgTmb5I55bCgY3+vXWIsqbYUzbBSZnwFHEJku4eoaH/x98veyymQ=="
    }
  },
  "dependencies": {
    "vue-router": {
      "version": "3.5.4",
      "resolved": "https://registry.npmmirror.com/vue-router/-/vue-router-3.5.4.tgz",
      "integrity": "sha512-x+/DLAJZv2mcQ7glH2oV9ze8uPwcI+H+GgTgTmb5I55bCgY3+vXWIsqbYUzbBSZnwFHEJku4eoaH/x98veyymQ=="
    }
  }
}
